
Microsoft Visual Studio Solution File, Format Version 11.00
# Visual Studio 2010
Project("{FAE04EC0-301F-11D3-BF4B-00C04F79EFBC}") = "Class_List", "Class_List\Class_List.csproj", "{5DD54E29-2A64-4083-A272-1AB26CE0FCD8}"
EndProject
Global
	GlobalSection(SolutionConfigurationPlatforms) = preSolution
		Debug|x64 = Debug|x64
		Release|x64 = Release|x64
	EndGlobalSection
	GlobalSection(ProjectConfigurationPlatforms) = postSolution
		{5DD54E29-2A64-4083-A272-1AB26CE0FCD8}.Debug|x64.ActiveCfg = Debug|x64
		{5DD54E29-2A64-4083-A272-1AB26CE0FCD8}.Debug|x64.Build.0 = Debug|x64
		{5DD54E29-2A64-4083-A272-1AB26CE0FCD8}.Release|x64.ActiveCfg = Release|x64
		{5DD54E29-2A64-4083-A272-1AB26CE0FCD8}.Release|x64.Build.0 = Release|x64
	EndGlobalSection
	GlobalSection(SolutionProperties) = preSolution
		HideSolutionNode = FALSE
	EndGlobalSection
EndGlobal
